
Microsoft Visual Studio Solution File, Format Version 12.00
# Visual Studio Version 17
VisualStudioVersion = 17.3.32825.248
MinimumVisualStudioVersion = 10.0.40219.1
Project("{FAE04EC0-301F-11D3-BF4B-00C04F79EFBC}") = "AP002", "AP002\AP002.csproj", "{BAE2B2C7-B2D3-4165-AF9D-4FAE5C1D6D8D}"
EndProject
Project("{FAE04EC0-301F-11D3-BF4B-00C04F79EFBC}") = "AP002-2", "AP002-2\AP002-2.csproj", "{88726E0A-0A40-43A2-B46A-E082B3D27FA8}"
EndProject
Project("{FAE04EC0-301F-11D3-BF4B-00C04F79EFBC}") = "AP002-34", "AP002-34\AP002-34.csproj", "{D7A8C403-CE40-488D-B11C-D83AD8536CFF}"
EndProject
Global
	GlobalSection(SolutionConfigurationPlatforms) = preSolution
		Debug|Any CPU = Debug|Any CPU
		Release|Any CPU = Release|Any CPU
	EndGlobalSection
	GlobalSection(ProjectConfigurationPlatforms) = postSolution
		{BAE2B2C7-B2D3-4165-AF9D-4FAE5C1D6D8D}.Debug|Any CPU.ActiveCfg = Debug|Any CPU
		{BAE2B2C7-B2D3-4165-AF9D-4FAE5C1D6D8D}.Debug|Any CPU.Build.0 = Debug|Any CPU
		{BAE2B2C7-B2D3-4165-AF9D-4FAE5C1D6D8D}.Release|Any CPU.ActiveCfg = Release|Any CPU
		{BAE2B2C7-B2D3-4165-AF9D-4FAE5C1D6D8D}.Release|Any CPU.Build.0 = Release|Any CPU
		{88726E0A-0A40-43A2-B46A-E082B3D27FA8}.Debug|Any CPU.ActiveCfg = Debug|Any CPU
		{88726E0A-0A40-43A2-B46A-E082B3D27FA8}.Debug|Any CPU.Build.0 = Debug|Any CPU
		{88726E0A-0A40-43A2-B46A-E082B3D27FA8}.Release|Any CPU.ActiveCfg = Release|Any CPU
		{88726E0A-0A40-43A2-B46A-E082B3D27FA8}.Release|Any CPU.Build.0 = Release|Any CPU
		{D7A8C403-CE40-488D-B11C-D83AD8536CFF}.Debug|Any CPU.ActiveCfg = Debug|Any CPU
		{D7A8C403-CE40-488D-B11C-D83AD8536CFF}.Debug|Any CPU.Build.0 = Debug|Any CPU
		{D7A8C403-CE40-488D-B11C-D83AD8536CFF}.Release|Any CPU.ActiveCfg = Release|Any CPU
		{D7A8C403-CE40-488D-B11C-D83AD8536CFF}.Release|Any CPU.Build.0 = Release|Any CPU
	EndGlobalSection
	GlobalSection(SolutionProperties) = preSolution
		HideSolutionNode = FALSE
	EndGlobalSection
	GlobalSection(ExtensibilityGlobals) = postSolution
		SolutionGuid = {34E75BF1-9D42-4AA8-BB05-29CA90C2AA2B}
	EndGlobalSection
EndGlobal
