
Microsoft Visual Studio Solution File, Format Version 12.00
# Visual Studio Version 17
VisualStudioVersion = 17.3.32825.248
MinimumVisualStudioVersion = 10.0.40219.1
Project("{FAE04EC0-301F-11D3-BF4B-00C04F79EFBC}") = "AP004", "AP004\AP004.csproj", "{82B4EB71-E2B2-409E-945D-A168BCEEA09F}"
EndProject
Global
	GlobalSection(SolutionConfigurationPlatforms) = preSolution
		Debug|Any CPU = Debug|Any CPU
		Release|Any CPU = Release|Any CPU
	EndGlobalSection
	GlobalSection(ProjectConfigurationPlatforms) = postSolution
		{82B4EB71-E2B2-409E-945D-A168BCEEA09F}.Debug|Any CPU.ActiveCfg = Debug|Any CPU
		{82B4EB71-E2B2-409E-945D-A168BCEEA09F}.Debug|Any CPU.Build.0 = Debug|Any CPU
		{82B4EB71-E2B2-409E-945D-A168BCEEA09F}.Release|Any CPU.ActiveCfg = Release|Any CPU
		{82B4EB71-E2B2-409E-945D-A168BCEEA09F}.Release|Any CPU.Build.0 = Release|Any CPU
	EndGlobalSection
	GlobalSection(SolutionProperties) = preSolution
		HideSolutionNode = FALSE
	EndGlobalSection
	GlobalSection(ExtensibilityGlobals) = postSolution
		SolutionGuid = {9C839438-D79A-46AC-8E6E-1DD2A10B03E2}
	EndGlobalSection
EndGlobal
